
Microsoft Visual Studio Solution File, Format Version 12.00
# Visual Studio Version 16
VisualStudioVersion = 16.0.30320.27
MinimumVisualStudioVersion = 10.0.40219.1
Project("{9A19103F-16F7-4668-BE54-9A1E7A4F7556}") = "ProjectDependenciesVisualizer.Engine", "ProjectDependenciesVisualizer.Engine\ProjectDependenciesVisualizer.Engine.csproj", "{4D101E36-C550-4B87-AB18-109AFCCB2432}"
EndProject
Project("{FAE04EC0-301F-11D3-BF4B-00C04F79EFBC}") = "ProjectDependenciesVisualizer.WPF", "ProjectDependenciesVisualizer.WPF\ProjectDependenciesVisualizer.WPF.csproj", "{72E6FCFC-2815-4250-BA7F-DC2C2F3A35B2}"
EndProject
Global
	GlobalSection(SolutionConfigurationPlatforms) = preSolution
		Debug|Any CPU = Debug|Any CPU
		Release|Any CPU = Release|Any CPU
	EndGlobalSection
	GlobalSection(ProjectConfigurationPlatforms) = postSolution
		{4D101E36-C550-4B87-AB18-109AFCCB2432}.Debug|Any CPU.ActiveCfg = Debug|Any CPU
		{4D101E36-C550-4B87-AB18-109AFCCB2432}.Debug|Any CPU.Build.0 = Debug|Any CPU
		{4D101E36-C550-4B87-AB18-109AFCCB2432}.Release|Any CPU.ActiveCfg = Release|Any CPU
		{4D101E36-C550-4B87-AB18-109AFCCB2432}.Release|Any CPU.Build.0 = Release|Any CPU
		{72E6FCFC-2815-4250-BA7F-DC2C2F3A35B2}.Debug|Any CPU.ActiveCfg = Debug|Any CPU
		{72E6FCFC-2815-4250-BA7F-DC2C2F3A35B2}.Debug|Any CPU.Build.0 = Debug|Any CPU
		{72E6FCFC-2815-4250-BA7F-DC2C2F3A35B2}.Release|Any CPU.ActiveCfg = Release|Any CPU
		{72E6FCFC-2815-4250-BA7F-DC2C2F3A35B2}.Release|Any CPU.Build.0 = Release|Any CPU
	EndGlobalSection
	GlobalSection(SolutionProperties) = preSolution
		HideSolutionNode = FALSE
	EndGlobalSection
	GlobalSection(ExtensibilityGlobals) = postSolution
		SolutionGuid = {B9342362-98E1-4CD7-8250-104A96E314CE}
	EndGlobalSection
EndGlobal
